
Microsoft Visual Studio Solution File, Format Version 12.00
# Visual Studio Version 17
VisualStudioVersion = 17.9.34701.34
MinimumVisualStudioVersion = 10.0.40219.1
Project("{9A19103F-16F7-4668-BE54-9A1E7A4F7556}") = "Students_API", "Students_API\Students_API.csproj", "{18D83146-6BE7-42FC-9EC3-B25635DFF9C9}"
EndProject
Project("{9A19103F-16F7-4668-BE54-9A1E7A4F7556}") = "Domain", "Domain\Domain.csproj", "{E8153EAF-3514-4E62-99BA-DABD9EA7959C}"
EndProject
Project("{9A19103F-16F7-4668-BE54-9A1E7A4F7556}") = "Infrastructures", "Infrastructures\Infrastructures.csproj", "{4F20193D-2FF8-459D-A7C7-3A1E3F13BB95}"
EndProject
Project("{FAE04EC0-301F-11D3-BF4B-00C04F79EFBC}") = "Application", "Application\Application.csproj", "{A54D1E0C-C62E-491E-A6E3-33F0220EC08E}"
EndProject
Global
	GlobalSection(SolutionConfigurationPlatforms) = preSolution
		Debug|Any CPU = Debug|Any CPU
		Release|Any CPU = Release|Any CPU
	EndGlobalSection
	GlobalSection(ProjectConfigurationPlatforms) = postSolution
		{18D83146-6BE7-42FC-9EC3-B25635DFF9C9}.Debug|Any CPU.ActiveCfg = Debug|Any CPU
		{18D83146-6BE7-42FC-9EC3-B25635DFF9C9}.Debug|Any CPU.Build.0 = Debug|Any CPU
		{18D83146-6BE7-42FC-9EC3-B25635DFF9C9}.Release|Any CPU.ActiveCfg = Release|Any CPU
		{18D83146-6BE7-42FC-9EC3-B25635DFF9C9}.Release|Any CPU.Build.0 = Release|Any CPU
		{E8153EAF-3514-4E62-99BA-DABD9EA7959C}.Debug|Any CPU.ActiveCfg = Debug|Any CPU
		{E8153EAF-3514-4E62-99BA-DABD9EA7959C}.Debug|Any CPU.Build.0 = Debug|Any CPU
		{E8153EAF-3514-4E62-99BA-DABD9EA7959C}.Release|Any CPU.ActiveCfg = Release|Any CPU
		{E8153EAF-3514-4E62-99BA-DABD9EA7959C}.Release|Any CPU.Build.0 = Release|Any CPU
		{4F20193D-2FF8-459D-A7C7-3A1E3F13BB95}.Debug|Any CPU.ActiveCfg = Debug|Any CPU
		{4F20193D-2FF8-459D-A7C7-3A1E3F13BB95}.Debug|Any CPU.Build.0 = Debug|Any CPU
		{4F20193D-2FF8-459D-A7C7-3A1E3F13BB95}.Release|Any CPU.ActiveCfg = Release|Any CPU
		{4F20193D-2FF8-459D-A7C7-3A1E3F13BB95}.Release|Any CPU.Build.0 = Release|Any CPU
		{A54D1E0C-C62E-491E-A6E3-33F0220EC08E}.Debug|Any CPU.ActiveCfg = Debug|Any CPU
		{A54D1E0C-C62E-491E-A6E3-33F0220EC08E}.Debug|Any CPU.Build.0 = Debug|Any CPU
		{A54D1E0C-C62E-491E-A6E3-33F0220EC08E}.Release|Any CPU.ActiveCfg = Release|Any CPU
		{A54D1E0C-C62E-491E-A6E3-33F0220EC08E}.Release|Any CPU.Build.0 = Release|Any CPU
	EndGlobalSection
	GlobalSection(SolutionProperties) = preSolution
		HideSolutionNode = FALSE
	EndGlobalSection
	GlobalSection(ExtensibilityGlobals) = postSolution
		SolutionGuid = {B0DC493C-BC24-46F5-9552-97DF8D9F8176}
	EndGlobalSection
EndGlobal
